
Microsoft Visual Studio Solution File, Format Version 12.00
# Visual Studio 15
Project("{FAE04EC0-301F-11D3-BF4B-00C04F79EFBC}") = "Unity.XR.ARSubsystems", "Unity.XR.ARSubsystems.csproj", "{FB763188-28B3-F8E2-4CD1-84E3CF83C39A}"
EndProject
Project("{FAE04EC0-301F-11D3-BF4B-00C04F79EFBC}") = "UnityEngine.TestRunner", "UnityEngine.TestRunner.csproj", "{D39742F8-2C92-4CCB-9B2D-A3E42B1E6EA7}"
EndProject
Project("{FAE04EC0-301F-11D3-BF4B-00C04F79EFBC}") = "Unity.RenderPipelines.Universal.Runtime", "Unity.RenderPipelines.Universal.Runtime.csproj", "{71AF6903-E73F-4A24-70B8-624965B8861E}"
EndProject
Project("{FAE04EC0-301F-11D3-BF4B-00C04F79EFBC}") = "Unity.TextMeshPro", "Unity.TextMeshPro.csproj", "{6413AF3B-6D85-4487-E937-94BEC0274318}"
EndProject
Project("{FAE04EC0-301F-11D3-BF4B-00C04F79EFBC}") = "Unity.Timeline", "Unity.Timeline.csproj", "{66C3EEBB-D69F-39D5-CAC4-8178CF3993C8}"
EndProject
Project("{FAE04EC0-301F-11D3-BF4B-00C04F79EFBC}") = "Unity.XR.ARFoundation", "Unity.XR.ARFoundation.csproj", "{C5365275-A3CB-1DE6-3712-4DCFF937E372}"
EndProject
Project("{FAE04EC0-301F-11D3-BF4B-00C04F79EFBC}") = "Unity.XR.ARKit", "Unity.XR.ARKit.csproj", "{87DB83B1-1C44-D349-7515-475DCE1AE9AC}"
EndProject
Project("{FAE04EC0-301F-11D3-BF4B-00C04F79EFBC}") = "Unity.RenderPipelines.Core.Runtime", "Unity.RenderPipelines.Core.Runtime.csproj", "{5A406848-B6E9-DAF0-9F85-CA2C191597A2}"
EndProject
Project("{FAE04EC0-301F-11D3-BF4B-00C04F79EFBC}") = "UnityEngine.XR.LegacyInputHelpers", "UnityEngine.XR.LegacyInputHelpers.csproj", "{E0330628-311E-3ACD-0AF1-3ABE1B1852CB}"
EndProject
Project("{FAE04EC0-301F-11D3-BF4B-00C04F79EFBC}") = "Unity.XR.Management", "Unity.XR.Management.csproj", "{8A163901-E62F-63F3-A365-FEB11050C63D}"
EndProject
Project("{FAE04EC0-301F-11D3-BF4B-00C04F79EFBC}") = "Unity.Subsystem.Registration", "Unity.Subsystem.Registration.csproj", "{DB3CDB6C-3096-B57F-A410-53274051C7C8}"
EndProject
Project("{FAE04EC0-301F-11D3-BF4B-00C04F79EFBC}") = "UnityEngine.SpatialTracking", "UnityEngine.SpatialTracking.csproj", "{A9951272-52DF-F502-95C8-CCE297B9C221}"
EndProject
Project("{FAE04EC0-301F-11D3-BF4B-00C04F79EFBC}") = "Unity.RenderPipelines.ShaderGraph.ShaderGraphLibrary", "Unity.RenderPipelines.ShaderGraph.ShaderGraphLibrary.csproj", "{F317B607-1B01-EC1D-7B22-799D6093C877}"
EndProject
Project("{FAE04EC0-301F-11D3-BF4B-00C04F79EFBC}") = "Unity.RenderPipeline.Universal.ShaderLibrary", "Unity.RenderPipeline.Universal.ShaderLibrary.csproj", "{4EC5A673-0789-FFB0-9330-4D0DEF296434}"
EndProject
Project("{FAE04EC0-301F-11D3-BF4B-00C04F79EFBC}") = "Unity.RenderPipelines.Core.ShaderLibrary", "Unity.RenderPipelines.Core.ShaderLibrary.csproj", "{BB6D04D7-0E52-D159-F47B-7682470EAFAF}"
EndProject
Project("{FAE04EC0-301F-11D3-BF4B-00C04F79EFBC}") = "Unity.RenderPipelines.Universal.Shaders", "Unity.RenderPipelines.Universal.Shaders.csproj", "{1C9F3671-8CF2-5940-9994-8087A77FF533}"
EndProject
Project("{FAE04EC0-301F-11D3-BF4B-00C04F79EFBC}") = "ARFoundationRemote.Runtime", "ARFoundationRemote.Runtime.csproj", "{DBB57C44-8523-11B4-735F-4D059276C191}"
EndProject
Project("{FAE04EC0-301F-11D3-BF4B-00C04F79EFBC}") = "ARFoundationRemote.Meshing", "ARFoundationRemote.Meshing.csproj", "{A8453CEA-3F4E-10A2-A24A-5256102DF5A0}"
EndProject
Project("{FAE04EC0-301F-11D3-BF4B-00C04F79EFBC}") = "ARFoundationRemote.RuntimeEditor", "ARFoundationRemote.RuntimeEditor.csproj", "{AEDC2387-DFD0-B4BB-3F8D-D75068769C9A}"
EndProject
Project("{FAE04EC0-301F-11D3-BF4B-00C04F79EFBC}") = "Assembly-CSharp", "Assembly-CSharp.csproj", "{A13C464F-BAFB-1281-2722-3AB57032C74A}"
EndProject
Project("{FAE04EC0-301F-11D3-BF4B-00C04F79EFBC}") = "UnityEditor.TestRunner", "UnityEditor.TestRunner.csproj", "{52C6B300-1AFB-6A7C-DBD3-56289DC6BB41}"
EndProject
Project("{FAE04EC0-301F-11D3-BF4B-00C04F79EFBC}") = "Unity.ShaderGraph.Editor", "Unity.ShaderGraph.Editor.csproj", "{804CF2D7-7374-3ACB-A6B6-7C9226F4CB1C}"
EndProject
Project("{FAE04EC0-301F-11D3-BF4B-00C04F79EFBC}") = "Unity.TextMeshPro.Editor", "Unity.TextMeshPro.Editor.csproj", "{B11E5FD0-D532-789D-2C9D-52270505CA6F}"
EndProject
Project("{FAE04EC0-301F-11D3-BF4B-00C04F79EFBC}") = "Unity.Timeline.Editor", "Unity.Timeline.Editor.csproj", "{4D0106CE-C548-F479-4FAA-1BE57ED27246}"
EndProject
Project("{FAE04EC0-301F-11D3-BF4B-00C04F79EFBC}") = "Unity.RenderPipelines.Universal.Editor", "Unity.RenderPipelines.Universal.Editor.csproj", "{E81CB7F4-3C25-529A-AC60-48CFE4A4395C}"
EndProject
Project("{FAE04EC0-301F-11D3-BF4B-00C04F79EFBC}") = "Unity.Rider.Editor", "Unity.Rider.Editor.csproj", "{20E03614-C0D1-12FE-27FF-C4F5CBDA8A2E}"
EndProject
Project("{FAE04EC0-301F-11D3-BF4B-00C04F79EFBC}") = "Unity.XR.ARSubsystems.Editor", "Unity.XR.ARSubsystems.Editor.csproj", "{D8BCAA59-0ED9-59C0-3862-EC6E528E5B19}"
EndProject
Project("{FAE04EC0-301F-11D3-BF4B-00C04F79EFBC}") = "Unity.RenderPipelines.Core.Editor", "Unity.RenderPipelines.Core.Editor.csproj", "{9CEB38B9-A0AB-3C33-F728-5DDC254174B5}"
EndProject
Project("{FAE04EC0-301F-11D3-BF4B-00C04F79EFBC}") = "UnityEditor.XR.LegacyInputHelpers", "UnityEditor.XR.LegacyInputHelpers.csproj", "{755B81FF-5061-D161-1261-B0148C9971BB}"
EndProject
Project("{FAE04EC0-301F-11D3-BF4B-00C04F79EFBC}") = "Unity.XR.ARKit.Editor", "Unity.XR.ARKit.Editor.csproj", "{D407824F-BD3B-869A-EACB-89117E907BB1}"
EndProject
Project("{FAE04EC0-301F-11D3-BF4B-00C04F79EFBC}") = "Unity.XR.Management.Editor", "Unity.XR.Management.Editor.csproj", "{75BB6A38-EBC4-04EA-6327-7CE1C0BA34B7}"
EndProject
Project("{FAE04EC0-301F-11D3-BF4B-00C04F79EFBC}") = "Unity.CollabProxy.Editor", "Unity.CollabProxy.Editor.csproj", "{75CA5F21-269A-59D3-BD48-F9083EB75FC4}"
EndProject
Project("{FAE04EC0-301F-11D3-BF4B-00C04F79EFBC}") = "Unity.VSCode.Editor", "Unity.VSCode.Editor.csproj", "{7C03FFA9-BC17-43E0-FABD-F2E1053F3E3C}"
EndProject
Project("{FAE04EC0-301F-11D3-BF4B-00C04F79EFBC}") = "Unity.XR.ARFoundation.Editor", "Unity.XR.ARFoundation.Editor.csproj", "{B841F957-99A8-6903-CB04-05FF0D20E3CF}"
EndProject
Project("{FAE04EC0-301F-11D3-BF4B-00C04F79EFBC}") = "Unity.ShaderGraph.Utilities", "Unity.ShaderGraph.Utilities.csproj", "{61D3B800-DFC3-EDFC-1CD4-9EE6E31352D6}"
EndProject
Project("{FAE04EC0-301F-11D3-BF4B-00C04F79EFBC}") = "Unity.InternalAPIEditorBridge.005", "Unity.InternalAPIEditorBridge.005.csproj", "{470B4FDC-8F74-0D27-E96D-27488F60070B}"
EndProject
Project("{FAE04EC0-301F-11D3-BF4B-00C04F79EFBC}") = "UnityEditor.SpatialTracking", "UnityEditor.SpatialTracking.csproj", "{ED15F22F-1D9C-C5C7-3698-2B373FB745A7}"
EndProject
Project("{FAE04EC0-301F-11D3-BF4B-00C04F79EFBC}") = "ARFoundationRemote.Editor", "ARFoundationRemote.Editor.csproj", "{96DB8033-8B7C-079D-8DCA-5BDF47C02AAF}"
EndProject
Project("{FAE04EC0-301F-11D3-BF4B-00C04F79EFBC}") = "ARFoundationRemote.Installer.Editor", "ARFoundationRemote.Installer.Editor.csproj", "{3E034D22-3D78-F381-EB19-A6EFD6949DC3}"
EndProject
Global
	GlobalSection(SolutionConfigurationPlatforms) = preSolution
		Debug|Any CPU = Debug|Any CPU
		Release|Any CPU = Release|Any CPU
	EndGlobalSection
	GlobalSection(ProjectConfigurationPlatforms) = postSolution
		{FB763188-28B3-F8E2-4CD1-84E3CF83C39A}.Debug|Any CPU.ActiveCfg = Debug|Any CPU
		{FB763188-28B3-F8E2-4CD1-84E3CF83C39A}.Debug|Any CPU.Build.0 = Debug|Any CPU
		{FB763188-28B3-F8E2-4CD1-84E3CF83C39A}.Release|Any CPU.ActiveCfg = Release|Any CPU
		{FB763188-28B3-F8E2-4CD1-84E3CF83C39A}.Release|Any CPU.Build.0 = Release|Any CPU
		{D39742F8-2C92-4CCB-9B2D-A3E42B1E6EA7}.Debug|Any CPU.ActiveCfg = Debug|Any CPU
		{D39742F8-2C92-4CCB-9B2D-A3E42B1E6EA7}.Debug|Any CPU.Build.0 = Debug|Any CPU
		{D39742F8-2C92-4CCB-9B2D-A3E42B1E6EA7}.Release|Any CPU.ActiveCfg = Release|Any CPU
		{D39742F8-2C92-4CCB-9B2D-A3E42B1E6EA7}.Release|Any CPU.Build.0 = Release|Any CPU
		{71AF6903-E73F-4A24-70B8-624965B8861E}.Debug|Any CPU.ActiveCfg = Debug|Any CPU
		{71AF6903-E73F-4A24-70B8-624965B8861E}.Debug|Any CPU.Build.0 = Debug|Any CPU
		{71AF6903-E73F-4A24-70B8-624965B8861E}.Release|Any CPU.ActiveCfg = Release|Any CPU
		{71AF6903-E73F-4A24-70B8-624965B8861E}.Release|Any CPU.Build.0 = Release|Any CPU
		{6413AF3B-6D85-4487-E937-94BEC0274318}.Debug|Any CPU.ActiveCfg = Debug|Any CPU
		{6413AF3B-6D85-4487-E937-94BEC0274318}.Debug|Any CPU.Build.0 = Debug|Any CPU
		{6413AF3B-6D85-4487-E937-94BEC0274318}.Release|Any CPU.ActiveCfg = Release|Any CPU
		{6413AF3B-6D85-4487-E937-94BEC0274318}.Release|Any CPU.Build.0 = Release|Any CPU
		{66C3EEBB-D69F-39D5-CAC4-8178CF3993C8}.Debug|Any CPU.ActiveCfg = Debug|Any CPU
		{66C3EEBB-D69F-39D5-CAC4-8178CF3993C8}.Debug|Any CPU.Build.0 = Debug|Any CPU
		{66C3EEBB-D69F-39D5-CAC4-8178CF3993C8}.Release|Any CPU.ActiveCfg = Release|Any CPU
		{66C3EEBB-D69F-39D5-CAC4-8178CF3993C8}.Release|Any CPU.Build.0 = Release|Any CPU
		{C5365275-A3CB-1DE6-3712-4DCFF937E372}.Debug|Any CPU.ActiveCfg = Debug|Any CPU
		{C5365275-A3CB-1DE6-3712-4DCFF937E372}.Debug|Any CPU.Build.0 = Debug|Any CPU
		{C5365275-A3CB-1DE6-3712-4DCFF937E372}.Release|Any CPU.ActiveCfg = Release|Any CPU
		{C5365275-A3CB-1DE6-3712-4DCFF937E372}.Release|Any CPU.Build.0 = Release|Any CPU
		{87DB83B1-1C44-D349-7515-475DCE1AE9AC}.Debug|Any CPU.ActiveCfg = Debug|Any CPU
		{87DB83B1-1C44-D349-7515-475DCE1AE9AC}.Debug|Any CPU.Build.0 = Debug|Any CPU
		{87DB83B1-1C44-D349-7515-475DCE1AE9AC}.Release|Any CPU.ActiveCfg = Release|Any CPU
		{87DB83B1-1C44-D349-7515-475DCE1AE9AC}.Release|Any CPU.Build.0 = Release|Any CPU
		{5A406848-B6E9-DAF0-9F85-CA2C191597A2}.Debug|Any CPU.ActiveCfg = Debug|Any CPU
		{5A406848-B6E9-DAF0-9F85-CA2C191597A2}.Debug|Any CPU.Build.0 = Debug|Any CPU
		{5A406848-B6E9-DAF0-9F85-CA2C191597A2}.Release|Any CPU.ActiveCfg = Release|Any CPU
		{5A406848-B6E9-DAF0-9F85-CA2C191597A2}.Release|Any CPU.Build.0 = Release|Any CPU
		{E0330628-311E-3ACD-0AF1-3ABE1B1852CB}.Debug|Any CPU.ActiveCfg = Debug|Any CPU
		{E0330628-311E-3ACD-0AF1-3ABE1B1852CB}.Debug|Any CPU.Build.0 = Debug|Any CPU
		{E0330628-311E-3ACD-0AF1-3ABE1B1852CB}.Release|Any CPU.ActiveCfg = Release|Any CPU
		{E0330628-311E-3ACD-0AF1-3ABE1B1852CB}.Release|Any CPU.Build.0 = Release|Any CPU
		{8A163901-E62F-63F3-A365-FEB11050C63D}.Debug|Any CPU.ActiveCfg = Debug|Any CPU
		{8A163901-E62F-63F3-A365-FEB11050C63D}.Debug|Any CPU.Build.0 = Debug|Any CPU
		{8A163901-E62F-63F3-A365-FEB11050C63D}.Release|Any CPU.ActiveCfg = Release|Any CPU
		{8A163901-E62F-63F3-A365-FEB11050C63D}.Release|Any CPU.Build.0 = Release|Any CPU
		{DB3CDB6C-3096-B57F-A410-53274051C7C8}.Debug|Any CPU.ActiveCfg = Debug|Any CPU
		{DB3CDB6C-3096-B57F-A410-53274051C7C8}.Debug|Any CPU.Build.0 = Debug|Any CPU
		{DB3CDB6C-3096-B57F-A410-53274051C7C8}.Release|Any CPU.ActiveCfg = Release|Any CPU
		{DB3CDB6C-3096-B57F-A410-53274051C7C8}.Release|Any CPU.Build.0 = Release|Any CPU
		{A9951272-52DF-F502-95C8-CCE297B9C221}.Debug|Any CPU.ActiveCfg = Debug|Any CPU
		{A9951272-52DF-F502-95C8-CCE297B9C221}.Debug|Any CPU.Build.0 = Debug|Any CPU
		{A9951272-52DF-F502-95C8-CCE297B9C221}.Release|Any CPU.ActiveCfg = Release|Any CPU
		{A9951272-52DF-F502-95C8-CCE297B9C221}.Release|Any CPU.Build.0 = Release|Any CPU
		{F317B607-1B01-EC1D-7B22-799D6093C877}.Debug|Any CPU.ActiveCfg = Debug|Any CPU
		{F317B607-1B01-EC1D-7B22-799D6093C877}.Debug|Any CPU.Build.0 = Debug|Any CPU
		{F317B607-1B01-EC1D-7B22-799D6093C877}.Release|Any CPU.ActiveCfg = Release|Any CPU
		{F317B607-1B01-EC1D-7B22-799D6093C877}.Release|Any CPU.Build.0 = Release|Any CPU
		{4EC5A673-0789-FFB0-9330-4D0DEF296434}.Debug|Any CPU.ActiveCfg = Debug|Any CPU
		{4EC5A673-0789-FFB0-9330-4D0DEF296434}.Debug|Any CPU.Build.0 = Debug|Any CPU
		{4EC5A673-0789-FFB0-9330-4D0DEF296434}.Release|Any CPU.ActiveCfg = Release|Any CPU
		{4EC5A673-0789-FFB0-9330-4D0DEF296434}.Release|Any CPU.Build.0 = Release|Any CPU
		{BB6D04D7-0E52-D159-F47B-7682470EAFAF}.Debug|Any CPU.ActiveCfg = Debug|Any CPU
		{BB6D04D7-0E52-D159-F47B-7682470EAFAF}.Debug|Any CPU.Build.0 = Debug|Any CPU
		{BB6D04D7-0E52-D159-F47B-7682470EAFAF}.Release|Any CPU.ActiveCfg = Release|Any CPU
		{BB6D04D7-0E52-D159-F47B-7682470EAFAF}.Release|Any CPU.Build.0 = Release|Any CPU
		{1C9F3671-8CF2-5940-9994-8087A77FF533}.Debug|Any CPU.ActiveCfg = Debug|Any CPU
		{1C9F3671-8CF2-5940-9994-8087A77FF533}.Debug|Any CPU.Build.0 = Debug|Any CPU
		{1C9F3671-8CF2-5940-9994-8087A77FF533}.Release|Any CPU.ActiveCfg = Release|Any CPU
		{1C9F3671-8CF2-5940-9994-8087A77FF533}.Release|Any CPU.Build.0 = Release|Any CPU
		{DBB57C44-8523-11B4-735F-4D059276C191}.Debug|Any CPU.ActiveCfg = Debug|Any CPU
		{DBB57C44-8523-11B4-735F-4D059276C191}.Debug|Any CPU.Build.0 = Debug|Any CPU
		{DBB57C44-8523-11B4-735F-4D059276C191}.Release|Any CPU.ActiveCfg = Release|Any CPU
		{DBB57C44-8523-11B4-735F-4D059276C191}.Release|Any CPU.Build.0 = Release|Any CPU
		{A8453CEA-3F4E-10A2-A24A-5256102DF5A0}.Debug|Any CPU.ActiveCfg = Debug|Any CPU
		{A8453CEA-3F4E-10A2-A24A-5256102DF5A0}.Debug|Any CPU.Build.0 = Debug|Any CPU
		{A8453CEA-3F4E-10A2-A24A-5256102DF5A0}.Release|Any CPU.ActiveCfg = Release|Any CPU
		{A8453CEA-3F4E-10A2-A24A-5256102DF5A0}.Release|Any CPU.Build.0 = Release|Any CPU
		{AEDC2387-DFD0-B4BB-3F8D-D75068769C9A}.Debug|Any CPU.ActiveCfg = Debug|Any CPU
		{AEDC2387-DFD0-B4BB-3F8D-D75068769C9A}.Debug|Any CPU.Build.0 = Debug|Any CPU
		{AEDC2387-DFD0-B4BB-3F8D-D75068769C9A}.Release|Any CPU.ActiveCfg = Release|Any CPU
		{AEDC2387-DFD0-B4BB-3F8D-D75068769C9A}.Release|Any CPU.Build.0 = Release|Any CPU
		{A13C464F-BAFB-1281-2722-3AB57032C74A}.Debug|Any CPU.ActiveCfg = Debug|Any CPU
		{A13C464F-BAFB-1281-2722-3AB57032C74A}.Debug|Any CPU.Build.0 = Debug|Any CPU
		{A13C464F-BAFB-1281-2722-3AB57032C74A}.Release|Any CPU.ActiveCfg = Release|Any CPU
		{A13C464F-BAFB-1281-2722-3AB57032C74A}.Release|Any CPU.Build.0 = Release|Any CPU
		{52C6B300-1AFB-6A7C-DBD3-56289DC6BB41}.Debug|Any CPU.ActiveCfg = Debug|Any CPU
		{52C6B300-1AFB-6A7C-DBD3-56289DC6BB41}.Debug|Any CPU.Build.0 = Debug|Any CPU
		{52C6B300-1AFB-6A7C-DBD3-56289DC6BB41}.Release|Any CPU.ActiveCfg = Release|Any CPU
		{52C6B300-1AFB-6A7C-DBD3-56289DC6BB41}.Release|Any CPU.Build.0 = Release|Any CPU
		{804CF2D7-7374-3ACB-A6B6-7C9226F4CB1C}.Debug|Any CPU.ActiveCfg = Debug|Any CPU
		{804CF2D7-7374-3ACB-A6B6-7C9226F4CB1C}.Debug|Any CPU.Build.0 = Debug|Any CPU
		{804CF2D7-7374-3ACB-A6B6-7C9226F4CB1C}.Release|Any CPU.ActiveCfg = Release|Any CPU
		{804CF2D7-7374-3ACB-A6B6-7C9226F4CB1C}.Release|Any CPU.Build.0 = Release|Any CPU
		{B11E5FD0-D532-789D-2C9D-52270505CA6F}.Debug|Any CPU.ActiveCfg = Debug|Any CPU
		{B11E5FD0-D532-789D-2C9D-52270505CA6F}.Debug|Any CPU.Build.0 = Debug|Any CPU
		{B11E5FD0-D532-789D-2C9D-52270505CA6F}.Release|Any CPU.ActiveCfg = Release|Any CPU
		{B11E5FD0-D532-789D-2C9D-52270505CA6F}.Release|Any CPU.Build.0 = Release|Any CPU
		{4D0106CE-C548-F479-4FAA-1BE57ED27246}.Debug|Any CPU.ActiveCfg = Debug|Any CPU
		{4D0106CE-C548-F479-4FAA-1BE57ED27246}.Debug|Any CPU.Build.0 = Debug|Any CPU
		{4D0106CE-C548-F479-4FAA-1BE57ED27246}.Release|Any CPU.ActiveCfg = Release|Any CPU
		{4D0106CE-C548-F479-4FAA-1BE57ED27246}.Release|Any CPU.Build.0 = Release|Any CPU
		{E81CB7F4-3C25-529A-AC60-48CFE4A4395C}.Debug|Any CPU.ActiveCfg = Debug|Any CPU
		{E81CB7F4-3C25-529A-AC60-48CFE4A4395C}.Debug|Any CPU.Build.0 = Debug|Any CPU
		{E81CB7F4-3C25-529A-AC60-48CFE4A4395C}.Release|Any CPU.ActiveCfg = Release|Any CPU
		{E81CB7F4-3C25-529A-AC60-48CFE4A4395C}.Release|Any CPU.Build.0 = Release|Any CPU
		{20E03614-C0D1-12FE-27FF-C4F5CBDA8A2E}.Debug|Any CPU.ActiveCfg = Debug|Any CPU
		{20E03614-C0D1-12FE-27FF-C4F5CBDA8A2E}.Debug|Any CPU.Build.0 = Debug|Any CPU
		{20E03614-C0D1-12FE-27FF-C4F5CBDA8A2E}.Release|Any CPU.ActiveCfg = Release|Any CPU
		{20E03614-C0D1-12FE-27FF-C4F5CBDA8A2E}.Release|Any CPU.Build.0 = Release|Any CPU
		{D8BCAA59-0ED9-59C0-3862-EC6E528E5B19}.Debug|Any CPU.ActiveCfg = Debug|Any CPU
		{D8BCAA59-0ED9-59C0-3862-EC6E528E5B19}.Debug|Any CPU.Build.0 = Debug|Any CPU
		{D8BCAA59-0ED9-59C0-3862-EC6E528E5B19}.Release|Any CPU.ActiveCfg = Release|Any CPU
		{D8BCAA59-0ED9-59C0-3862-EC6E528E5B19}.Release|Any CPU.Build.0 = Release|Any CPU
		{9CEB38B9-A0AB-3C33-F728-5DDC254174B5}.Debug|Any CPU.ActiveCfg = Debug|Any CPU
		{9CEB38B9-A0AB-3C33-F728-5DDC254174B5}.Debug|Any CPU.Build.0 = Debug|Any CPU
		{9CEB38B9-A0AB-3C33-F728-5DDC254174B5}.Release|Any CPU.ActiveCfg = Release|Any CPU
		{9CEB38B9-A0AB-3C33-F728-5DDC254174B5}.Release|Any CPU.Build.0 = Release|Any CPU
		{755B81FF-5061-D161-1261-B0148C9971BB}.Debug|Any CPU.ActiveCfg = Debug|Any CPU
		{755B81FF-5061-D161-1261-B0148C9971BB}.Debug|Any CPU.Build.0 = Debug|Any CPU
		{755B81FF-5061-D161-1261-B0148C9971BB}.Release|Any CPU.ActiveCfg = Release|Any CPU
		{755B81FF-5061-D161-1261-B0148C9971BB}.Release|Any CPU.Build.0 = Release|Any CPU
		{D407824F-BD3B-869A-EACB-89117E907BB1}.Debug|Any CPU.ActiveCfg = Debug|Any CPU
		{D407824F-BD3B-869A-EACB-89117E907BB1}.Debug|Any CPU.Build.0 = Debug|Any CPU
		{D407824F-BD3B-869A-EACB-89117E907BB1}.Release|Any CPU.ActiveCfg = Release|Any CPU
		{D407824F-BD3B-869A-EACB-89117E907BB1}.Release|Any CPU.Build.0 = Release|Any CPU
		{75BB6A38-EBC4-04EA-6327-7CE1C0BA34B7}.Debug|Any CPU.ActiveCfg = Debug|Any CPU
		{75BB6A38-EBC4-04EA-6327-7CE1C0BA34B7}.Debug|Any CPU.Build.0 = Debug|Any CPU
		{75BB6A38-EBC4-04EA-6327-7CE1C0BA34B7}.Release|Any CPU.ActiveCfg = Release|Any CPU
		{75BB6A38-EBC4-04EA-6327-7CE1C0BA34B7}.Release|Any CPU.Build.0 = Release|Any CPU
		{75CA5F21-269A-59D3-BD48-F9083EB75FC4}.Debug|Any CPU.ActiveCfg = Debug|Any CPU
		{75CA5F21-269A-59D3-BD48-F9083EB75FC4}.Debug|Any CPU.Build.0 = Debug|Any CPU
		{75CA5F21-269A-59D3-BD48-F9083EB75FC4}.Release|Any CPU.ActiveCfg = Release|Any CPU
		{75CA5F21-269A-59D3-BD48-F9083EB75FC4}.Release|Any CPU.Build.0 = Release|Any CPU
		{7C03FFA9-BC17-43E0-FABD-F2E1053F3E3C}.Debug|Any CPU.ActiveCfg = Debug|Any CPU
		{7C03FFA9-BC17-43E0-FABD-F2E1053F3E3C}.Debug|Any CPU.Build.0 = Debug|Any CPU
		{7C03FFA9-BC17-43E0-FABD-F2E1053F3E3C}.Release|Any CPU.ActiveCfg = Release|Any CPU
		{7C03FFA9-BC17-43E0-FABD-F2E1053F3E3C}.Release|Any CPU.Build.0 = Release|Any CPU
		{B841F957-99A8-6903-CB04-05FF0D20E3CF}.Debug|Any CPU.ActiveCfg = Debug|Any CPU
		{B841F957-99A8-6903-CB04-05FF0D20E3CF}.Debug|Any CPU.Build.0 = Debug|Any CPU
		{B841F957-99A8-6903-CB04-05FF0D20E3CF}.Release|Any CPU.ActiveCfg = Release|Any CPU
		{B841F957-99A8-6903-CB04-05FF0D20E3CF}.Release|Any CPU.Build.0 = Release|Any CPU
		{61D3B800-DFC3-EDFC-1CD4-9EE6E31352D6}.Debug|Any CPU.ActiveCfg = Debug|Any CPU
		{61D3B800-DFC3-EDFC-1CD4-9EE6E31352D6}.Debug|Any CPU.Build.0 = Debug|Any CPU
		{61D3B800-DFC3-EDFC-1CD4-9EE6E31352D6}.Release|Any CPU.ActiveCfg = Release|Any CPU
		{61D3B800-DFC3-EDFC-1CD4-9EE6E31352D6}.Release|Any CPU.Build.0 = Release|Any CPU
		{470B4FDC-8F74-0D27-E96D-27488F60070B}.Debug|Any CPU.ActiveCfg = Debug|Any CPU
		{470B4FDC-8F74-0D27-E96D-27488F60070B}.Debug|Any CPU.Build.0 = Debug|Any CPU
		{470B4FDC-8F74-0D27-E96D-27488F60070B}.Release|Any CPU.ActiveCfg = Release|Any CPU
		{470B4FDC-8F74-0D27-E96D-27488F60070B}.Release|Any CPU.Build.0 = Release|Any CPU
		{ED15F22F-1D9C-C5C7-3698-2B373FB745A7}.Debug|Any CPU.ActiveCfg = Debug|Any CPU
		{ED15F22F-1D9C-C5C7-3698-2B373FB745A7}.Debug|Any CPU.Build.0 = Debug|Any CPU
		{ED15F22F-1D9C-C5C7-3698-2B373FB745A7}.Release|Any CPU.ActiveCfg = Release|Any CPU
		{ED15F22F-1D9C-C5C7-3698-2B373FB745A7}.Release|Any CPU.Build.0 = Release|Any CPU
		{96DB8033-8B7C-079D-8DCA-5BDF47C02AAF}.Debug|Any CPU.ActiveCfg = Debug|Any CPU
		{96DB8033-8B7C-079D-8DCA-5BDF47C02AAF}.Debug|Any CPU.Build.0 = Debug|Any CPU
		{96DB8033-8B7C-079D-8DCA-5BDF47C02AAF}.Release|Any CPU.ActiveCfg = Release|Any CPU
		{96DB8033-8B7C-079D-8DCA-5BDF47C02AAF}.Release|Any CPU.Build.0 = Release|Any CPU
		{3E034D22-3D78-F381-EB19-A6EFD6949DC3}.Debug|Any CPU.ActiveCfg = Debug|Any CPU
		{3E034D22-3D78-F381-EB19-A6EFD6949DC3}.Debug|Any CPU.Build.0 = Debug|Any CPU
		{3E034D22-3D78-F381-EB19-A6EFD6949DC3}.Release|Any CPU.ActiveCfg = Release|Any CPU
		{3E034D22-3D78-F381-EB19-A6EFD6949DC3}.Release|Any CPU.Build.0 = Release|Any CPU
	EndGlobalSection
	GlobalSection(SolutionProperties) = preSolution
		HideSolutionNode = FALSE
	EndGlobalSection
EndGlobal
